
Microsoft Visual Studio Solution File, Format Version 12.00
# Visual Studio Version 17
VisualStudioVersion = 17.4.33213.308
MinimumVisualStudioVersion = 10.0.40219.1
Project("{888888A0-9F3D-457C-B088-3A5042F75D52}") = "project2", "project2\project2.pyproj", "{47789346-BDFA-4BC8-A920-3C88714F75F9}"
EndProject
Global
	GlobalSection(SolutionConfigurationPlatforms) = preSolution
		Debug|Any CPU = Debug|Any CPU
		Release|Any CPU = Release|Any CPU
	EndGlobalSection
	GlobalSection(ProjectConfigurationPlatforms) = postSolution
		{47789346-BDFA-4BC8-A920-3C88714F75F9}.Debug|Any CPU.ActiveCfg = Debug|Any CPU
		{47789346-BDFA-4BC8-A920-3C88714F75F9}.Release|Any CPU.ActiveCfg = Release|Any CPU
	EndGlobalSection
	GlobalSection(SolutionProperties) = preSolution
		HideSolutionNode = FALSE
	EndGlobalSection
	GlobalSection(ExtensibilityGlobals) = postSolution
		SolutionGuid = {17FE7818-06A9-4C2B-B2DE-0ADA58E1AC4A}
	EndGlobalSection
EndGlobal
